
Microsoft Visual Studio Solution File, Format Version 12.00
# Visual Studio Version 17
VisualStudioVersion = 17.2.32616.157
MinimumVisualStudioVersion = 10.0.40219.1
Project("{FAE04EC0-301F-11D3-BF4B-00C04F79EFBC}") = "Lab_4_2_05", "Lab_4_2_05.csproj", "{252C23D2-1603-4B5E-9C48-93DAA066EEA3}"
EndProject
Global
	GlobalSection(SolutionConfigurationPlatforms) = preSolution
		Debug|Any CPU = Debug|Any CPU
		Release|Any CPU = Release|Any CPU
	EndGlobalSection
	GlobalSection(ProjectConfigurationPlatforms) = postSolution
		{252C23D2-1603-4B5E-9C48-93DAA066EEA3}.Debug|Any CPU.ActiveCfg = Debug|Any CPU
		{252C23D2-1603-4B5E-9C48-93DAA066EEA3}.Debug|Any CPU.Build.0 = Debug|Any CPU
		{252C23D2-1603-4B5E-9C48-93DAA066EEA3}.Release|Any CPU.ActiveCfg = Release|Any CPU
		{252C23D2-1603-4B5E-9C48-93DAA066EEA3}.Release|Any CPU.Build.0 = Release|Any CPU
	EndGlobalSection
	GlobalSection(SolutionProperties) = preSolution
		HideSolutionNode = FALSE
	EndGlobalSection
	GlobalSection(ExtensibilityGlobals) = postSolution
		SolutionGuid = {2663F447-16D8-46EC-AA43-61BD60918C50}
	EndGlobalSection
EndGlobal
